// !$*UTF8*$!
{
	archiveVersion = 1;
	classes = {
	};
	objectVersion = 56;
	objects = {

/* Begin PBXBuildFile section */
		8B1C9AC02A9A7D0B00127D1F /* AppDelegate.swift in Sources */ = {isa = PBXBuildFile; fileRef = 8B1C9ABF2A9A7D0B00127D1F /* AppDelegate.swift */; };
		8B1C9AC22A9A7D0B00127D1F /* SceneDelegate.swift in Sources */ = {isa = PBXBuildFile; fileRef = 8B1C9AC12A9A7D0B00127D1F /* SceneDelegate.swift */; };
		8B1C9AC42A9A7D0B00127D1F /* CatalogViewController.swift in Sources */ = {isa = PBXBuildFile; fileRef = 8B1C9AC32A9A7D0B00127D1F /* CatalogViewController.swift */; };
		8B1C9AC92A9A7D0C00127D1F /* Assets.xcassets in Resources */ = {isa = PBXBuildFile; fileRef = 8B1C9AC82A9A7D0C00127D1F /* Assets.xcassets */; };
		8B1C9ACC2A9A7D0C00127D1F /* LaunchScreen.storyboard in Resources */ = {isa = PBXBuildFile; fileRef = 8B1C9ACA2A9A7D0C00127D1F /* LaunchScreen.storyboard */; };
		8B1C9ADB2A9A83BF00127D1F /* Localizable.strings in Resources */ = {isa = PBXBuildFile; fileRef = 8B1C9ADD2A9A83BF00127D1F /* Localizable.strings */; };
		8B1C9AE02A9A83E700127D1F /* Fonts.swift in Sources */ = {isa = PBXBuildFile; fileRef = 8B1C9ADF2A9A83E700127D1F /* Fonts.swift */; };
		8BC118A82A9CB4CC00ABE6C9 /* CatalogModel.swift in Sources */ = {isa = PBXBuildFile; fileRef = 8BC118A72A9CB4CC00ABE6C9 /* CatalogModel.swift */; };
		8BC118AA2A9CB71200ABE6C9 /* CatalogsObjectModel.swift in Sources */ = {isa = PBXBuildFile; fileRef = 8BC118A92A9CB71200ABE6C9 /* CatalogsObjectModel.swift */; };
		8BC118AC2A9CBFD200ABE6C9 /* NetworkRequest.swift in Sources */ = {isa = PBXBuildFile; fileRef = 8BC118AB2A9CBFD200ABE6C9 /* NetworkRequest.swift */; };
		8BC118AE2A9CC04300ABE6C9 /* NetworkClient.swift in Sources */ = {isa = PBXBuildFile; fileRef = 8BC118AD2A9CC04300ABE6C9 /* NetworkClient.swift */; };
		8BC118B02A9CC24E00ABE6C9 /* NetworkTask.swift in Sources */ = {isa = PBXBuildFile; fileRef = 8BC118AF2A9CC24E00ABE6C9 /* NetworkTask.swift */; };
		8BC118B52A9CF71C00ABE6C9 /* CatalogRequest.swift in Sources */ = {isa = PBXBuildFile; fileRef = 8BC118B42A9CF71C00ABE6C9 /* CatalogRequest.swift */; };
		8BC118B72A9CF7A000ABE6C9 /* Constants.swift in Sources */ = {isa = PBXBuildFile; fileRef = 8BC118B62A9CF7A000ABE6C9 /* Constants.swift */; };
		8BC118B92A9CF8EA00ABE6C9 /* CatalogNetworkService.swift in Sources */ = {isa = PBXBuildFile; fileRef = 8BC118B82A9CF8EA00ABE6C9 /* CatalogNetworkService.swift */; };
		8BC118BD2A9D048000ABE6C9 /* CatalogsObjectRequest.swift in Sources */ = {isa = PBXBuildFile; fileRef = 8BC118BC2A9D048000ABE6C9 /* CatalogsObjectRequest.swift */; };
		8BC118BF2A9D06CF00ABE6C9 /* CatalogsObjectNetworkService.swift in Sources */ = {isa = PBXBuildFile; fileRef = 8BC118BE2A9D06CF00ABE6C9 /* CatalogsObjectNetworkService.swift */; };
		8BC141282A9E6EBD000E26F3 /* CellsReusingUtils.swift in Sources */ = {isa = PBXBuildFile; fileRef = 8BC141272A9E6EBD000E26F3 /* CellsReusingUtils.swift */; };
		8BC1412A2A9E6F4E000E26F3 /* CatalogCell.swift in Sources */ = {isa = PBXBuildFile; fileRef = 8BC141292A9E6F4E000E26F3 /* CatalogCell.swift */; };
		8BC1412D2A9F775C000E26F3 /* Kingfisher in Frameworks */ = {isa = PBXBuildFile; productRef = 8BC1412C2A9F775C000E26F3 /* Kingfisher */; };
		8BC141302A9F7C62000E26F3 /* ProgressHUD in Frameworks */ = {isa = PBXBuildFile; productRef = 8BC1412F2A9F7C62000E26F3 /* ProgressHUD */; };
		8BC141322A9F7C72000E26F3 /* UIBlockingProgressHUD.swift in Sources */ = {isa = PBXBuildFile; fileRef = 8BC141312A9F7C72000E26F3 /* UIBlockingProgressHUD.swift */; };
		8BC141342A9F8943000E26F3 /* String+Extension.swift in Sources */ = {isa = PBXBuildFile; fileRef = 8BC141332A9F8943000E26F3 /* String+Extension.swift */; };
/* End PBXBuildFile section */

/* Begin PBXFileReference section */
		8B1C9ABC2A9A7D0B00127D1F /* AvitoTech-TraineeAssignment.app */ = {isa = PBXFileReference; explicitFileType = wrapper.application; includeInIndex = 0; path = "AvitoTech-TraineeAssignment.app"; sourceTree = BUILT_PRODUCTS_DIR; };
		8B1C9ABF2A9A7D0B00127D1F /* AppDelegate.swift */ = {isa = PBXFileReference; lastKnownFileType = sourcecode.swift; path = AppDelegate.swift; sourceTree = "<group>"; };
		8B1C9AC12A9A7D0B00127D1F /* SceneDelegate.swift */ = {isa = PBXFileReference; lastKnownFileType = sourcecode.swift; path = SceneDelegate.swift; sourceTree = "<group>"; };
		8B1C9AC32A9A7D0B00127D1F /* CatalogViewController.swift */ = {isa = PBXFileReference; lastKnownFileType = sourcecode.swift; path = CatalogViewController.swift; sourceTree = "<group>"; };
		8B1C9AC82A9A7D0C00127D1F /* Assets.xcassets */ = {isa = PBXFileReference; lastKnownFileType = folder.assetcatalog; path = Assets.xcassets; sourceTree = "<group>"; };
		8B1C9ACD2A9A7D0C00127D1F /* Info.plist */ = {isa = PBXFileReference; lastKnownFileType = text.plist.xml; path = Info.plist; sourceTree = "<group>"; };
		8B1C9AD52A9A7ED300127D1F /* ru */ = {isa = PBXFileReference; lastKnownFileType = file.storyboard; name = ru; path = ru.lproj/LaunchScreen.storyboard; sourceTree = "<group>"; };
		8B1C9ADC2A9A83BF00127D1F /* ru */ = {isa = PBXFileReference; lastKnownFileType = text.plist.strings; name = ru; path = ru.lproj/Localizable.strings; sourceTree = "<group>"; };
		8B1C9ADF2A9A83E700127D1F /* Fonts.swift */ = {isa = PBXFileReference; lastKnownFileType = sourcecode.swift; path = Fonts.swift; sourceTree = "<group>"; };
		8B57F7652A9F91FC00822ADB /* en */ = {isa = PBXFileReference; lastKnownFileType = text.plist.strings; name = en; path = en.lproj/Localizable.strings; sourceTree = "<group>"; };
		8BC118A72A9CB4CC00ABE6C9 /* CatalogModel.swift */ = {isa = PBXFileReference; lastKnownFileType = sourcecode.swift; path = CatalogModel.swift; sourceTree = "<group>"; };
		8BC118A92A9CB71200ABE6C9 /* CatalogsObjectModel.swift */ = {isa = PBXFileReference; lastKnownFileType = sourcecode.swift; path = CatalogsObjectModel.swift; sourceTree = "<group>"; };
		8BC118AB2A9CBFD200ABE6C9 /* NetworkRequest.swift */ = {isa = PBXFileReference; lastKnownFileType = sourcecode.swift; path = NetworkRequest.swift; sourceTree = "<group>"; };
		8BC118AD2A9CC04300ABE6C9 /* NetworkClient.swift */ = {isa = PBXFileReference; lastKnownFileType = sourcecode.swift; path = NetworkClient.swift; sourceTree = "<group>"; };
		8BC118AF2A9CC24E00ABE6C9 /* NetworkTask.swift */ = {isa = PBXFileReference; lastKnownFileType = sourcecode.swift; path = NetworkTask.swift; sourceTree = "<group>"; };
		8BC118B42A9CF71C00ABE6C9 /* CatalogRequest.swift */ = {isa = PBXFileReference; lastKnownFileType = sourcecode.swift; path = CatalogRequest.swift; sourceTree = "<group>"; };
		8BC118B62A9CF7A000ABE6C9 /* Constants.swift */ = {isa = PBXFileReference; lastKnownFileType = sourcecode.swift; path = Constants.swift; sourceTree = "<group>"; };
		8BC118B82A9CF8EA00ABE6C9 /* CatalogNetworkService.swift */ = {isa = PBXFileReference; lastKnownFileType = sourcecode.swift; path = CatalogNetworkService.swift; sourceTree = "<group>"; };
		8BC118BC2A9D048000ABE6C9 /* CatalogsObjectRequest.swift */ = {isa = PBXFileReference; lastKnownFileType = sourcecode.swift; path = CatalogsObjectRequest.swift; sourceTree = "<group>"; };
		8BC118BE2A9D06CF00ABE6C9 /* CatalogsObjectNetworkService.swift */ = {isa = PBXFileReference; lastKnownFileType = sourcecode.swift; path = CatalogsObjectNetworkService.swift; sourceTree = "<group>"; };
		8BC141272A9E6EBD000E26F3 /* CellsReusingUtils.swift */ = {isa = PBXFileReference; lastKnownFileType = sourcecode.swift; path = CellsReusingUtils.swift; sourceTree = "<group>"; };
		8BC141292A9E6F4E000E26F3 /* CatalogCell.swift */ = {isa = PBXFileReference; lastKnownFileType = sourcecode.swift; path = CatalogCell.swift; sourceTree = "<group>"; };
		8BC141312A9F7C72000E26F3 /* UIBlockingProgressHUD.swift */ = {isa = PBXFileReference; lastKnownFileType = sourcecode.swift; path = UIBlockingProgressHUD.swift; sourceTree = "<group>"; };
		8BC141332A9F8943000E26F3 /* String+Extension.swift */ = {isa = PBXFileReference; lastKnownFileType = sourcecode.swift; path = "String+Extension.swift"; sourceTree = "<group>"; };
/* End PBXFileReference section */

/* Begin PBXFrameworksBuildPhase section */
		8B1C9AB92A9A7D0B00127D1F /* Frameworks */ = {
			isa = PBXFrameworksBuildPhase;
			buildActionMask = 2147483647;
			files = (
				8BC1412D2A9F775C000E26F3 /* Kingfisher in Frameworks */,
				8BC141302A9F7C62000E26F3 /* ProgressHUD in Frameworks */,
			);
			runOnlyForDeploymentPostprocessing = 0;
		};
/* End PBXFrameworksBuildPhase section */

/* Begin PBXGroup section */
		8B1C9AB32A9A7D0B00127D1F = {
			isa = PBXGroup;
			children = (
				8B1C9ABE2A9A7D0B00127D1F /* AvitoTech-TraineeAssignment */,
				8B1C9ABD2A9A7D0B00127D1F /* Products */,
			);
			sourceTree = "<group>";
		};
		8B1C9ABD2A9A7D0B00127D1F /* Products */ = {
			isa = PBXGroup;
			children = (
				8B1C9ABC2A9A7D0B00127D1F /* AvitoTech-TraineeAssignment.app */,
			);
			name = Products;
			sourceTree = "<group>";
		};
		8B1C9ABE2A9A7D0B00127D1F /* AvitoTech-TraineeAssignment */ = {
			isa = PBXGroup;
			children = (
				8BC141262A9E6EAA000E26F3 /* Helpers */,
				8B1C9AD82A9A834500127D1F /* Resources */,
				8BC118A52A9CB3E300ABE6C9 /* Network */,
				8BC118A62A9CB4B900ABE6C9 /* Models */,
				8BC141242A9E6ABB000E26F3 /* Screens */,
				8B1C9ABF2A9A7D0B00127D1F /* AppDelegate.swift */,
				8B1C9AC12A9A7D0B00127D1F /* SceneDelegate.swift */,
				8BC118B62A9CF7A000ABE6C9 /* Constants.swift */,
				8B1C9ACD2A9A7D0C00127D1F /* Info.plist */,
			);
			path = "AvitoTech-TraineeAssignment";
			sourceTree = "<group>";
		};
		8B1C9AD82A9A834500127D1F /* Resources */ = {
			isa = PBXGroup;
			children = (
				8B1C9ADD2A9A83BF00127D1F /* Localizable.strings */,
				8B1C9AC82A9A7D0C00127D1F /* Assets.xcassets */,
				8B1C9ADF2A9A83E700127D1F /* Fonts.swift */,
			);
			path = Resources;
			sourceTree = "<group>";
		};
		8BC118A52A9CB3E300ABE6C9 /* Network */ = {
			isa = PBXGroup;
			children = (
				8BC118B12A9CF69B00ABE6C9 /* DefaultNetworkClient */,
				8BC118B22A9CF6B700ABE6C9 /* CatalogNetworkService */,
				8BC118B32A9CF6C700ABE6C9 /* CatalogsObjectNetworkService */,
			);
			path = Network;
			sourceTree = "<group>";
		};
		8BC118A62A9CB4B900ABE6C9 /* Models */ = {
			isa = PBXGroup;
			children = (
				8BC118A72A9CB4CC00ABE6C9 /* CatalogModel.swift */,
				8BC118A92A9CB71200ABE6C9 /* CatalogsObjectModel.swift */,
			);
			path = Models;
			sourceTree = "<group>";
		};
		8BC118B12A9CF69B00ABE6C9 /* DefaultNetworkClient */ = {
			isa = PBXGroup;
			children = (
				8BC118AF2A9CC24E00ABE6C9 /* NetworkTask.swift */,
				8BC118AD2A9CC04300ABE6C9 /* NetworkClient.swift */,
				8BC118AB2A9CBFD200ABE6C9 /* NetworkRequest.swift */,
			);
			path = DefaultNetworkClient;
			sourceTree = "<group>";
		};
		8BC118B22A9CF6B700ABE6C9 /* CatalogNetworkService */ = {
			isa = PBXGroup;
			children = (
				8BC118B82A9CF8EA00ABE6C9 /* CatalogNetworkService.swift */,
				8BC118B42A9CF71C00ABE6C9 /* CatalogRequest.swift */,
			);
			path = CatalogNetworkService;
			sourceTree = "<group>";
		};
		8BC118B32A9CF6C700ABE6C9 /* CatalogsObjectNetworkService */ = {
			isa = PBXGroup;
			children = (
				8BC118BE2A9D06CF00ABE6C9 /* CatalogsObjectNetworkService.swift */,
				8BC118BC2A9D048000ABE6C9 /* CatalogsObjectRequest.swift */,
			);
			path = CatalogsObjectNetworkService;
			sourceTree = "<group>";
		};
		8BC141242A9E6ABB000E26F3 /* Screens */ = {
			isa = PBXGroup;
			children = (
				8B1C9ACA2A9A7D0C00127D1F /* LaunchScreen.storyboard */,
				8BC141252A9E6AD5000E26F3 /* Catalog */,
			);
			path = Screens;
			sourceTree = "<group>";
		};
		8BC141252A9E6AD5000E26F3 /* Catalog */ = {
			isa = PBXGroup;
			children = (
				8B1C9AC32A9A7D0B00127D1F /* CatalogViewController.swift */,
				8BC141292A9E6F4E000E26F3 /* CatalogCell.swift */,
			);
			path = Catalog;
			sourceTree = "<group>";
		};
		8BC141262A9E6EAA000E26F3 /* Helpers */ = {
			isa = PBXGroup;
			children = (
				8BC141272A9E6EBD000E26F3 /* CellsReusingUtils.swift */,
				8BC141312A9F7C72000E26F3 /* UIBlockingProgressHUD.swift */,
				8BC141332A9F8943000E26F3 /* String+Extension.swift */,
			);
			path = Helpers;
			sourceTree = "<group>";
		};
/* End PBXGroup section */

/* Begin PBXNativeTarget section */
		8B1C9ABB2A9A7D0B00127D1F /* AvitoTech-TraineeAssignment */ = {
			isa = PBXNativeTarget;
			buildConfigurationList = 8B1C9AD02A9A7D0C00127D1F /* Build configuration list for PBXNativeTarget "AvitoTech-TraineeAssignment" */;
			buildPhases = (
				8B1C9AD72A9A803B00127D1F /* Swiftlint */,
				8B1C9AB82A9A7D0B00127D1F /* Sources */,
				8B1C9AB92A9A7D0B00127D1F /* Frameworks */,
				8B1C9ABA2A9A7D0B00127D1F /* Resources */,
			);
			buildRules = (
			);
			dependencies = (
			);
			name = "AvitoTech-TraineeAssignment";
			packageProductDependencies = (
				8BC1412C2A9F775C000E26F3 /* Kingfisher */,
				8BC1412F2A9F7C62000E26F3 /* ProgressHUD */,
			);
			productName = "AvitoTech-TraineeAssignment";
			productReference = 8B1C9ABC2A9A7D0B00127D1F /* AvitoTech-TraineeAssignment.app */;
			productType = "com.apple.product-type.application";
		};
/* End PBXNativeTarget section */

/* Begin PBXProject section */
		8B1C9AB42A9A7D0B00127D1F /* Project object */ = {
			isa = PBXProject;
			attributes = {
				BuildIndependentTargetsInParallel = 1;
				LastSwiftUpdateCheck = 1430;
				LastUpgradeCheck = 1430;
				TargetAttributes = {
					8B1C9ABB2A9A7D0B00127D1F = {
						CreatedOnToolsVersion = 14.3.1;
					};
				};
			};
			buildConfigurationList = 8B1C9AB72A9A7D0B00127D1F /* Build configuration list for PBXProject "AvitoTech-TraineeAssignment" */;
			compatibilityVersion = "Xcode 14.0";
			developmentRegion = ru;
			hasScannedForEncodings = 0;
			knownRegions = (
				ru,
				en,
			);
			mainGroup = 8B1C9AB32A9A7D0B00127D1F;
			packageReferences = (
				8BC1412B2A9F775C000E26F3 /* XCRemoteSwiftPackageReference "Kingfisher" */,
				8BC1412E2A9F7C62000E26F3 /* XCRemoteSwiftPackageReference "ProgressHUD" */,
			);
			productRefGroup = 8B1C9ABD2A9A7D0B00127D1F /* Products */;
			projectDirPath = "";
			projectRoot = "";
			targets = (
				8B1C9ABB2A9A7D0B00127D1F /* AvitoTech-TraineeAssignment */,
			);
		};
/* End PBXProject section */

/* Begin PBXResourcesBuildPhase section */
		8B1C9ABA2A9A7D0B00127D1F /* Resources */ = {
			isa = PBXResourcesBuildPhase;
			buildActionMask = 2147483647;
			files = (
				8B1C9ACC2A9A7D0C00127D1F /* LaunchScreen.storyboard in Resources */,
				8B1C9ADB2A9A83BF00127D1F /* Localizable.strings in Resources */,
				8B1C9AC92A9A7D0C00127D1F /* Assets.xcassets in Resources */,
			);
			runOnlyForDeploymentPostprocessing = 0;
		};
/* End PBXResourcesBuildPhase section */

/* Begin PBXShellScriptBuildPhase section */
		8B1C9AD72A9A803B00127D1F /* Swiftlint */ = {
			isa = PBXShellScriptBuildPhase;
			buildActionMask = 2147483647;
			files = (
			);
			inputFileListPaths = (
			);
			inputPaths = (
			);
			name = Swiftlint;
			outputFileListPaths = (
			);
			outputPaths = (
			);
			runOnlyForDeploymentPostprocessing = 0;
			shellPath = /bin/sh;
			shellScript = "export PATH=\"$PATH:/opt/homebrew/bin\"\nif which swiftlint > /dev/null; then\n  swiftlint\nelse\n  echo \"warning: SwiftLint not installed, download from https://github.com/realm/SwiftLint\"\nfi\n";
		};
/* End PBXShellScriptBuildPhase section */

/* Begin PBXSourcesBuildPhase section */
		8B1C9AB82A9A7D0B00127D1F /* Sources */ = {
			isa = PBXSourcesBuildPhase;
			buildActionMask = 2147483647;
			files = (
				8BC118AC2A9CBFD200ABE6C9 /* NetworkRequest.swift in Sources */,
				8BC118B72A9CF7A000ABE6C9 /* Constants.swift in Sources */,
				8BC118BD2A9D048000ABE6C9 /* CatalogsObjectRequest.swift in Sources */,
				8BC118AA2A9CB71200ABE6C9 /* CatalogsObjectModel.swift in Sources */,
				8B1C9AE02A9A83E700127D1F /* Fonts.swift in Sources */,
				8BC141282A9E6EBD000E26F3 /* CellsReusingUtils.swift in Sources */,
				8B1C9AC42A9A7D0B00127D1F /* CatalogViewController.swift in Sources */,
				8BC1412A2A9E6F4E000E26F3 /* CatalogCell.swift in Sources */,
				8BC118B02A9CC24E00ABE6C9 /* NetworkTask.swift in Sources */,
				8BC118BF2A9D06CF00ABE6C9 /* CatalogsObjectNetworkService.swift in Sources */,
				8BC141342A9F8943000E26F3 /* String+Extension.swift in Sources */,
				8B1C9AC02A9A7D0B00127D1F /* AppDelegate.swift in Sources */,
				8B1C9AC22A9A7D0B00127D1F /* SceneDelegate.swift in Sources */,
				8BC118B92A9CF8EA00ABE6C9 /* CatalogNetworkService.swift in Sources */,
				8BC118B52A9CF71C00ABE6C9 /* CatalogRequest.swift in Sources */,
				8BC118A82A9CB4CC00ABE6C9 /* CatalogModel.swift in Sources */,
				8BC118AE2A9CC04300ABE6C9 /* NetworkClient.swift in Sources */,
				8BC141322A9F7C72000E26F3 /* UIBlockingProgressHUD.swift in Sources */,
			);
			runOnlyForDeploymentPostprocessing = 0;
		};
/* End PBXSourcesBuildPhase section */

/* Begin PBXVariantGroup section */
		8B1C9ACA2A9A7D0C00127D1F /* LaunchScreen.storyboard */ = {
			isa = PBXVariantGroup;
			children = (
				8B1C9AD52A9A7ED300127D1F /* ru */,
			);
			name = LaunchScreen.storyboard;
			sourceTree = "<group>";
		};
		8B1C9ADD2A9A83BF00127D1F /* Localizable.strings */ = {
			isa = PBXVariantGroup;
			children = (
				8B1C9ADC2A9A83BF00127D1F /* ru */,
				8B57F7652A9F91FC00822ADB /* en */,
			);
			name = Localizable.strings;
			sourceTree = "<group>";
		};
/* End PBXVariantGroup section */

/* Begin XCBuildConfiguration section */
		8B1C9ACE2A9A7D0C00127D1F /* Debug */ = {
			isa = XCBuildConfiguration;
			buildSettings = {
				ALWAYS_SEARCH_USER_PATHS = NO;
				CLANG_ANALYZER_LOCALIZABILITY_NONLOCALIZED = YES;
				CLANG_ANALYZER_NONNULL = YES;
				CLANG_ANALYZER_NUMBER_OBJECT_CONVERSION = YES_AGGRESSIVE;
				CLANG_CXX_LANGUAGE_STANDARD = "gnu++20";
				CLANG_ENABLE_MODULES = YES;
				CLANG_ENABLE_OBJC_ARC = YES;
				CLANG_ENABLE_OBJC_WEAK = YES;
				CLANG_WARN_BLOCK_CAPTURE_AUTORELEASING = YES;
				CLANG_WARN_BOOL_CONVERSION = YES;
				CLANG_WARN_COMMA = YES;
				CLANG_WARN_CONSTANT_CONVERSION = YES;
				CLANG_WARN_DEPRECATED_OBJC_IMPLEMENTATIONS = YES;
				CLANG_WARN_DIRECT_OBJC_ISA_USAGE = YES_ERROR;
				CLANG_WARN_DOCUMENTATION_COMMENTS = YES;
				CLANG_WARN_EMPTY_BODY = YES;
				CLANG_WARN_ENUM_CONVERSION = YES;
				CLANG_WARN_INFINITE_RECURSION = YES;
				CLANG_WARN_INT_CONVERSION = YES;
				CLANG_WARN_NON_LITERAL_NULL_CONVERSION = YES;
				CLANG_WARN_OBJC_IMPLICIT_RETAIN_SELF = YES;
				CLANG_WARN_OBJC_LITERAL_CONVERSION = YES;
				CLANG_WARN_OBJC_ROOT_CLASS = YES_ERROR;
				CLANG_WARN_QUOTED_INCLUDE_IN_FRAMEWORK_HEADER = YES;
				CLANG_WARN_RANGE_LOOP_ANALYSIS = YES;
				CLANG_WARN_STRICT_PROTOTYPES = YES;
				CLANG_WARN_SUSPICIOUS_MOVE = YES;
				CLANG_WARN_UNGUARDED_AVAILABILITY = YES_AGGRESSIVE;
				CLANG_WARN_UNREACHABLE_CODE = YES;
				CLANG_WARN__DUPLICATE_METHOD_MATCH = YES;
				COPY_PHASE_STRIP = NO;
				DEBUG_INFORMATION_FORMAT = dwarf;
				ENABLE_STRICT_OBJC_MSGSEND = YES;
				ENABLE_TESTABILITY = YES;
				GCC_C_LANGUAGE_STANDARD = gnu11;
				GCC_DYNAMIC_NO_PIC = NO;
				GCC_NO_COMMON_BLOCKS = YES;
				GCC_OPTIMIZATION_LEVEL = 0;
				GCC_PREPROCESSOR_DEFINITIONS = (
					"DEBUG=1",
					"$(inherited)",
				);
				GCC_WARN_64_TO_32_BIT_CONVERSION = YES;
				GCC_WARN_ABOUT_RETURN_TYPE = YES_ERROR;
				GCC_WARN_UNDECLARED_SELECTOR = YES;
				GCC_WARN_UNINITIALIZED_AUTOS = YES_AGGRESSIVE;
				GCC_WARN_UNUSED_FUNCTION = YES;
				GCC_WARN_UNUSED_VARIABLE = YES;
				IPHONEOS_DEPLOYMENT_TARGET = 14.0;
				MTL_ENABLE_DEBUG_INFO = INCLUDE_SOURCE;
				MTL_FAST_MATH = YES;
				ONLY_ACTIVE_ARCH = YES;
				SDKROOT = iphoneos;
				SWIFT_ACTIVE_COMPILATION_CONDITIONS = DEBUG;
				SWIFT_OPTIMIZATION_LEVEL = "-Onone";
			};
			name = Debug;
		};
		8B1C9ACF2A9A7D0C00127D1F /* Release */ = {
			isa = XCBuildConfiguration;
			buildSettings = {
				ALWAYS_SEARCH_USER_PATHS = NO;
				CLANG_ANALYZER_LOCALIZABILITY_NONLOCALIZED = YES;
				CLANG_ANALYZER_NONNULL = YES;
				CLANG_ANALYZER_NUMBER_OBJECT_CONVERSION = YES_AGGRESSIVE;
				CLANG_CXX_LANGUAGE_STANDARD = "gnu++20";
				CLANG_ENABLE_MODULES = YES;
				CLANG_ENABLE_OBJC_ARC = YES;
				CLANG_ENABLE_OBJC_WEAK = YES;
				CLANG_WARN_BLOCK_CAPTURE_AUTORELEASING = YES;
				CLANG_WARN_BOOL_CONVERSION = YES;
				CLANG_WARN_COMMA = YES;
				CLANG_WARN_CONSTANT_CONVERSION = YES;
				CLANG_WARN_DEPRECATED_OBJC_IMPLEMENTATIONS = YES;
				CLANG_WARN_DIRECT_OBJC_ISA_USAGE = YES_ERROR;
				CLANG_WARN_DOCUMENTATION_COMMENTS = YES;
				CLANG_WARN_EMPTY_BODY = YES;
				CLANG_WARN_ENUM_CONVERSION = YES;
				CLANG_WARN_INFINITE_RECURSION = YES;
				CLANG_WARN_INT_CONVERSION = YES;
				CLANG_WARN_NON_LITERAL_NULL_CONVERSION = YES;
				CLANG_WARN_OBJC_IMPLICIT_RETAIN_SELF = YES;
				CLANG_WARN_OBJC_LITERAL_CONVERSION = YES;
				CLANG_WARN_OBJC_ROOT_CLASS = YES_ERROR;
				CLANG_WARN_QUOTED_INCLUDE_IN_FRAMEWORK_HEADER = YES;
				CLANG_WARN_RANGE_LOOP_ANALYSIS = YES;
				CLANG_WARN_STRICT_PROTOTYPES = YES;
				CLANG_WARN_SUSPICIOUS_MOVE = YES;
				CLANG_WARN_UNGUARDED_AVAILABILITY = YES_AGGRESSIVE;
				CLANG_WARN_UNREACHABLE_CODE = YES;
				CLANG_WARN__DUPLICATE_METHOD_MATCH = YES;
				COPY_PHASE_STRIP = NO;
				DEBUG_INFORMATION_FORMAT = "dwarf-with-dsym";
				ENABLE_NS_ASSERTIONS = NO;
				ENABLE_STRICT_OBJC_MSGSEND = YES;
				GCC_C_LANGUAGE_STANDARD = gnu11;
				GCC_NO_COMMON_BLOCKS = YES;
				GCC_WARN_64_TO_32_BIT_CONVERSION = YES;
				GCC_WARN_ABOUT_RETURN_TYPE = YES_ERROR;
				GCC_WARN_UNDECLARED_SELECTOR = YES;
				GCC_WARN_UNINITIALIZED_AUTOS = YES_AGGRESSIVE;
				GCC_WARN_UNUSED_FUNCTION = YES;
				GCC_WARN_UNUSED_VARIABLE = YES;
				IPHONEOS_DEPLOYMENT_TARGET = 14.0;
				MTL_ENABLE_DEBUG_INFO = NO;
				MTL_FAST_MATH = YES;
				SDKROOT = iphoneos;
				SWIFT_COMPILATION_MODE = wholemodule;
				SWIFT_OPTIMIZATION_LEVEL = "-O";
				VALIDATE_PRODUCT = YES;
			};
			name = Release;
		};
		8B1C9AD12A9A7D0C00127D1F /* Debug */ = {
			isa = XCBuildConfiguration;
			buildSettings = {
				ASSETCATALOG_COMPILER_APPICON_NAME = AppIcon;
				ASSETCATALOG_COMPILER_GLOBAL_ACCENT_COLOR_NAME = AccentColor;
				CODE_SIGN_STYLE = Automatic;
				CURRENT_PROJECT_VERSION = 1;
				DEVELOPMENT_TEAM = VJ2CVRDMSL;
				GENERATE_INFOPLIST_FILE = YES;
				INFOPLIST_FILE = "AvitoTech-TraineeAssignment/Info.plist";
				INFOPLIST_KEY_LSApplicationCategoryType = "public.app-category.shopping";
				INFOPLIST_KEY_UIApplicationSupportsIndirectInputEvents = YES;
				INFOPLIST_KEY_UILaunchStoryboardName = LaunchScreen.storyboard;
				INFOPLIST_KEY_UIStatusBarStyle = "";
				INFOPLIST_KEY_UISupportedInterfaceOrientations = UIInterfaceOrientationPortrait;
				INFOPLIST_KEY_UISupportedInterfaceOrientations_iPad = "UIInterfaceOrientationLandscapeLeft UIInterfaceOrientationLandscapeRight UIInterfaceOrientationPortrait UIInterfaceOrientationPortraitUpsideDown";
				IPHONEOS_DEPLOYMENT_TARGET = 14.0;
				LD_RUNPATH_SEARCH_PATHS = (
					"$(inherited)",
					"@executable_path/Frameworks",
				);
				MARKETING_VERSION = 1.0;
				PRODUCT_BUNDLE_IDENTIFIER = "com.miamib34ch.AvitoTech-TraineeAssignment";
				PRODUCT_NAME = "$(TARGET_NAME)";
				SUPPORTED_PLATFORMS = "iphoneos iphonesimulator";
				SUPPORTS_MACCATALYST = NO;
				SUPPORTS_MAC_DESIGNED_FOR_IPHONE_IPAD = NO;
				SWIFT_EMIT_LOC_STRINGS = YES;
				SWIFT_VERSION = 5.0;
				TARGETED_DEVICE_FAMILY = 1;
			};
			name = Debug;
		};
		8B1C9AD22A9A7D0C00127D1F /* Release */ = {
			isa = XCBuildConfiguration;
			buildSettings = {
				ASSETCATALOG_COMPILER_APPICON_NAME = AppIcon;
				ASSETCATALOG_COMPILER_GLOBAL_ACCENT_COLOR_NAME = AccentColor;
				CODE_SIGN_STYLE = Automatic;
				CURRENT_PROJECT_VERSION = 1;
				DEVELOPMENT_TEAM = VJ2CVRDMSL;
				GENERATE_INFOPLIST_FILE = YES;
				INFOPLIST_FILE = "AvitoTech-TraineeAssignment/Info.plist";
				INFOPLIST_KEY_LSApplicationCategoryType = "public.app-category.shopping";
				INFOPLIST_KEY_UIApplicationSupportsIndirectInputEvents = YES;
				INFOPLIST_KEY_UILaunchStoryboardName = LaunchScreen.storyboard;
				INFOPLIST_KEY_UIStatusBarStyle = "";
				INFOPLIST_KEY_UISupportedInterfaceOrientations = UIInterfaceOrientationPortrait;
				INFOPLIST_KEY_UISupportedInterfaceOrientations_iPad = "UIInterfaceOrientationLandscapeLeft UIInterfaceOrientationLandscapeRight UIInterfaceOrientationPortrait UIInterfaceOrientationPortraitUpsideDown";
				IPHONEOS_DEPLOYMENT_TARGET = 14.0;
				LD_RUNPATH_SEARCH_PATHS = (
					"$(inherited)",
					"@executable_path/Frameworks",
				);
				MARKETING_VERSION = 1.0;
				PRODUCT_BUNDLE_IDENTIFIER = "com.miamib34ch.AvitoTech-TraineeAssignment";
				PRODUCT_NAME = "$(TARGET_NAME)";
				SUPPORTED_PLATFORMS = "iphoneos iphonesimulator";
				SUPPORTS_MACCATALYST = NO;
				SUPPORTS_MAC_DESIGNED_FOR_IPHONE_IPAD = NO;
				SWIFT_EMIT_LOC_STRINGS = YES;
				SWIFT_VERSION = 5.0;
				TARGETED_DEVICE_FAMILY = 1;
			};
			name = Release;
		};
/* End XCBuildConfiguration section */

/* Begin XCConfigurationList section */
		8B1C9AB72A9A7D0B00127D1F /* Build configuration list for PBXProject "AvitoTech-TraineeAssignment" */ = {
			isa = XCConfigurationList;
			buildConfigurations = (
				8B1C9ACE2A9A7D0C00127D1F /* Debug */,
				8B1C9ACF2A9A7D0C00127D1F /* Release */,
			);
			defaultConfigurationIsVisible = 0;
			defaultConfigurationName = Release;
		};
		8B1C9AD02A9A7D0C00127D1F /* Build configuration list for PBXNativeTarget "AvitoTech-TraineeAssignment" */ = {
			isa = XCConfigurationList;
			buildConfigurations = (
				8B1C9AD12A9A7D0C00127D1F /* Debug */,
				8B1C9AD22A9A7D0C00127D1F /* Release */,
			);
			defaultConfigurationIsVisible = 0;
			defaultConfigurationName = Release;
		};
/* End XCConfigurationList section */

/* Begin XCRemoteSwiftPackageReference section */
		8BC1412B2A9F775C000E26F3 /* XCRemoteSwiftPackageReference "Kingfisher" */ = {
			isa = XCRemoteSwiftPackageReference;
			repositoryURL = "https://github.com/onevcat/Kingfisher";
			requirement = {
				kind = upToNextMajorVersion;
				minimumVersion = 7.0.0;
			};
		};
		8BC1412E2A9F7C62000E26F3 /* XCRemoteSwiftPackageReference "ProgressHUD" */ = {
			isa = XCRemoteSwiftPackageReference;
			repositoryURL = "https://github.com/relatedcode/ProgressHUD";
			requirement = {
				kind = upToNextMajorVersion;
				minimumVersion = 13.0.0;
			};
		};
/* End XCRemoteSwiftPackageReference section */

/* Begin XCSwiftPackageProductDependency section */
		8BC1412C2A9F775C000E26F3 /* Kingfisher */ = {
			isa = XCSwiftPackageProductDependency;
			package = 8BC1412B2A9F775C000E26F3 /* XCRemoteSwiftPackageReference "Kingfisher" */;
			productName = Kingfisher;
		};
		8BC1412F2A9F7C62000E26F3 /* ProgressHUD */ = {
			isa = XCSwiftPackageProductDependency;
			package = 8BC1412E2A9F7C62000E26F3 /* XCRemoteSwiftPackageReference "ProgressHUD" */;
			productName = ProgressHUD;
		};
/* End XCSwiftPackageProductDependency section */
	};
	rootObject = 8B1C9AB42A9A7D0B00127D1F /* Project object */;
}
